github.com/nkdAgility/HugoGuides/module v0.5.3 h1:4ypVEF2Wi5WpDYKYdc/DTmCXRooPWgXKce/bWfY6F0c=
github.com/nkdAgility/HugoGuides/module v0.5.3/go.mod h1:VGUy7t0I5Ba4FWVFpuBzVI1RN/cOBvcWSeYGsAj37tE=
github.com/nkdAgility/HugoGuides/module v0.6.1 h1:fQmC3HNwX+f7QHbMNXWGYCJBD9a/MMvsMsf0b42Vkto=
github.com/nkdAgility/HugoGuides/module v0.6.1/go.mod h1:VGUy7t0I5Ba4FWVFpuBzVI1RN/cOBvcWSeYGsAj37tE=
github.com/nkdAgility/HugoGuides/module v0.6.2 h1:/5ky1tVok91If5mXV8Z97cGwvJcSOFpfReJEJGong5A=
github.com/nkdAgility/HugoGuides/module v0.6.2/go.mod h1:VGUy7t0I5Ba4FWVFpuBzVI1RN/cOBvcWSeYGsAj37tE=
github.com/nkdAgility/HugoGuides/module v0.6.3 h1:S2IQmkZpNDD7Eu5qb7pFojgYbeDcivVFhZcM6t33ico=
github.com/nkdAgility/HugoGuides/module v0.6.3/go.mod h1:VGUy7t0I5Ba4FWVFpuBzVI1RN/cOBvcWSeYGsAj37tE=
